dependencies:
  drvnprgrmr/esp-idf-keypad:
    component_hash: ba027fe5b5bc16696f1932cd30b8da61cc08a1ba6ff9822a712661abd2d8502c
    dependencies:
    - name: idf
      require: private
      version: '>=5.5'
    source:
      registry_url: https://components.espressif.com/
      type: service
    version: 1.0.1
  idf:
    source:
      type: idf
    version: 5.5.0
direct_dependencies:
- drvnprgrmr/esp-idf-keypad
- idf
manifest_hash: c56096e4cbaae8bd62656ac8306a175821c8c994d7d8505b3834907f7884bedb
target: esp32
version: 2.0.0
